%{"bunt": {:hex, :bunt, "0.2.0", "951c6e801e8b1d2cbe58ebbd3e616a869061ddadcc4863d0a2182541acae9a38", [:mix], []},
  "certifi": {:hex, :certifi, "1.2.1", "c3904f192bd5284e5b13f20db3ceac9626e14eeacfbb492e19583cf0e37b22be", [:rebar3], []},
  "cowboy": {:git, "https://github.com/ninenines/cowboy.git", "dbb636034f20736e16eb9d6c809217c9525b6cbd", [tag: "2.0.0-pre.3"]},
  "cowlib": {:git, "https://github.com/ninenines/cowlib", "07cde7c6def6eeed0174b270229e7d5175673d87", [ref: "master"]},
  "deep_merge": {:hex, :deep_merge, "0.1.1", "c27866a7524a337b6a039eeb8dd4f17d458fd40fbbcb8c54661b71a22fffe846", [:mix], []},
  "dialyxir": {:hex, :dialyxir, "0.5.0", "5bc543f9c28ecd51b99cc1a685a3c2a1a93216990347f259406a910cf048d1d7", [:mix], []},
  "distillery": {:hex, :distillery, "1.2.2", "d5a52920cbe2378c8a21dfc83b526b4225944b9dce7bf170fe5f5cddda81ffb3", [:mix], []},
  "eon": {:hex, :eon, "4.1.0", "dbacaa30634ed11f43bbf6af9e1138da283c8354a188c553423a464cf7e04f83", [:mix], []},
  "excoveralls": {:hex, :excoveralls, "0.7.0", "05cb3332c2b0f799df3ab90eb7df1ae5a147c86776e91792848a12b7ed87242f", [:mix], [{:exjsx, ">= 3.0.0", [hex: :exjsx, optional: false]}, {:hackney, ">= 0.12.0", [hex: :hackney, optional: false]}]},
  "exjsx": {:hex, :exjsx, "4.0.0", "60548841e0212df401e38e63c0078ec57b33e7ea49b032c796ccad8cde794b5c", [:mix], [{:jsx, "~> 2.8.0", [hex: :jsx, optional: false]}]},
  "exmorph": {:hex, :exmorph, "1.1.0", "5f3f00191a3c686ccfa56bed2e556405de6ca6138abccfe8914fefc15f6bca7a", [:mix], []},
  "hackney": {:hex, :hackney, "1.8.6", "21a725db3569b3fb11a6af17d5c5f654052ce9624219f1317e8639183de4a423", [:rebar3], [{:certifi, "1.2.1", [hex: :certifi, optional: false]}, {:idna, "5.0.2", [hex: :idna, optional: false]}, {:metrics, "1.0.1", [hex: :metrics, optional: false]}, {:mimerl, "1.0.2", [hex: :mimerl, optional: false]}, {:ssl_verify_fun, "1.1.1", [hex: :ssl_verify_fun, optional: false]}]},
  "hashids": {:hex, :hashids, "2.0.3", "1689466bed74447a0565832f6d4dfb71ca6f58c5a712246807395d1da9c441d3", [:mix], []},
  "hexate": {:hex, :hexate, "0.6.1", "1cea42e462c1daa32223127d4752e71016c3d933d492b9bb7fa4709a4a0fd50d", [:mix], []},
  "idna": {:hex, :idna, "5.0.2", "ac203208ada855d95dc591a764b6e87259cb0e2a364218f215ad662daa8cd6b4", [:rebar3], [{:unicode_util_compat, "0.2.0", [hex: :unicode_util_compat, optional: false]}]},
  "inflex": {:hex, :inflex, "1.8.1", "9fa9684ff1a872eab7415c0be500cc1b7782f28da6ed75423081e75f92831b1c", [:mix], []},
  "jsx": {:hex, :jsx, "2.8.2", "7acc7d785b5abe8a6e9adbde926a24e481f29956dd8b4df49e3e4e7bcc92a018", [:mix, :rebar3], []},
  "meck": {:hex, :meck, "0.8.4", "59ca1cd971372aa223138efcf9b29475bde299e1953046a0c727184790ab1520", [:make, :rebar], []},
  "metrics": {:hex, :metrics, "1.0.1", "25f094dea2cda98213cecc3aeff09e940299d950904393b2a29d191c346a8486", [:rebar3], []},
  "mimerl": {:hex, :mimerl, "1.0.2", "993f9b0e084083405ed8252b99460c4f0563e41729ab42d9074fd5e52439be88", [:rebar3], []},
  "mock": {:hex, :mock, "0.2.1", "bfdba786903e77f9c18772dee472d020ceb8ef000783e737725a4c8f54ad28ec", [:mix], [{:meck, "~> 0.8.2", [hex: :meck, optional: false]}]},
  "poison": {:hex, :poison, "3.1.0", "d9eb636610e096f86f25d9a46f35a9facac35609a7591b3be3326e99a0484665", [:mix], []},
  "poolboy": {:hex, :poolboy, "1.5.1", "6b46163901cfd0a1b43d692657ed9d7e599853b3b21b95ae5ae0a777cf9b6ca8", [:rebar], []},
  "progress_bar": {:hex, :progress_bar, "1.6.1", "4a82aa4f2b04708dca7472febf5e73477f0e09c81fec98fc502c8d5e3d833172", [:mix], []},
  "ranch": {:git, "https://github.com/ninenines/ranch", "741bfb73ca663394ecf7a73410506d66f01985a6", [ref: "1.1.0"]},
  "rox": {:hex, :rox, "1.0.2", "59336d1c48c7c92c3289ff6cdedfb9a56be49b0e6da104cacc7dc782c8febaf0", [:mix], [{:rustler, "~> 0.9.0", [hex: :rustler, optional: false]}]},
  "rustler": {:git, "https://github.com/hansihe/rustler.git", "76d515eab8207728eb8f4acdca3c1244efb86fdf", [sparse: "rustler_mix"]},
  "ssl_verify_fun": {:hex, :ssl_verify_fun, "1.1.1", "28a4d65b7f59893bc2c7de786dec1e1555bd742d336043fe644ae956c3497fbe", [:make, :rebar], []},
  "unicode_util_compat": {:hex, :unicode_util_compat, "0.2.0", "dbbccf6781821b1c0701845eaf966c9b6d83d7c3bfc65ca2b78b88b8678bfa35", [:rebar3], []}}
