%{"bunt": {:hex, :bunt, "0.2.0", "951c6e801e8b1d2cbe58ebbd3e616a869061ddadcc4863d0a2182541acae9a38", [:mix], []},
  "cowboy": {:git, "https://github.com/ninenines/cowboy.git", "dbb636034f20736e16eb9d6c809217c9525b6cbd", [tag: "2.0.0-pre.3"]},
  "cowlib": {:git, "https://github.com/ninenines/cowlib", "8e6d0f462850a90bd8a60995f52027839288d038", [ref: "master"]},
  "distillery": {:hex, :distillery, "1.0.0", "a866a72bf2a3a5f078f5a249017ed951acda88a760d200512f91f585d74db1ec", [:mix], []},
  "eon": {:hex, :eon, "3.0.1", "20fc6876d7b6a8c3c2e96f81db9342c585bbfb80ad7e9a83ce4413ac13f3cc69", [:mix], []},
  "hexate": {:hex, :hexate, "0.6.1", "1cea42e462c1daa32223127d4752e71016c3d933d492b9bb7fa4709a4a0fd50d", [:mix], []},
  "inflex": {:hex, :inflex, "1.7.0", "4466a34b7d8e871d8164619ba0f3b8410ec782e900f0ae1d3d27a5875a29532e", [:mix], []},
  "json": {:hex, :json, "0.3.3", "373eb4f7321f898ad6772999f30daf65f9f38e1d3dd4d798d7a82d3b123fe1d3", [:mix], []},
  "pbkdf2": {:git, "https://github.com/basho/erlang-pbkdf2.git", "7076584f5377e98600a7e2cb81980b2992fb2f71", []},
  "poison": {:hex, :poison, "3.0.0", "625ebd64d33ae2e65201c2c14d6c85c27cc8b68f2d0dd37828fde9c6920dd131", [:mix], []},
  "porcelain": {:hex, :porcelain, "2.0.3", "2d77b17d1f21fed875b8c5ecba72a01533db2013bd2e5e62c6d286c029150fdc", [:mix], []},
  "ranch": {:git, "https://github.com/ninenines/ranch", "741bfb73ca663394ecf7a73410506d66f01985a6", [ref: "1.1.0"]},
  "socket": {:hex, :socket, "0.3.5", "6c23772e7eda60f129f36dd69a61930aab18ae9b8d74d7f767c85355cf0b585d", [:mix], []},
  "uuid": {:hex, :uuid, "1.1.6", "4927232f244e69c6e255643014c2d639dad5b8313dc2a6976ee1c3724e6ca60d", [:mix], []}}
